
Microsoft Visual Studio Solution File, Format Version 12.00
Project("{FAE04EC0-301F-11D3-BF4B-00C04F79EFBC}") = "backend2", "backend2\backend2.csproj", "{1E96D750-8ABC-4473-AEAD-474CE5AC853F}"
EndProject
Global
	GlobalSection(SolutionConfigurationPlatforms) = preSolution
		Debug|Any CPU = Debug|Any CPU
		Release|Any CPU = Release|Any CPU
	EndGlobalSection
	GlobalSection(ProjectConfigurationPlatforms) = postSolution
		{1E96D750-8ABC-4473-AEAD-474CE5AC853F}.Debug|Any CPU.ActiveCfg = Debug|Any CPU
		{1E96D750-8ABC-4473-AEAD-474CE5AC853F}.Debug|Any CPU.Build.0 = Debug|Any CPU
		{1E96D750-8ABC-4473-AEAD-474CE5AC853F}.Release|Any CPU.ActiveCfg = Release|Any CPU
		{1E96D750-8ABC-4473-AEAD-474CE5AC853F}.Release|Any CPU.Build.0 = Release|Any CPU
	EndGlobalSection
EndGlobal
